
Microsoft Visual Studio Solution File, Format Version 12.00
# Visual Studio Version 17
VisualStudioVersion = 17.13.35828.75 d17.13
MinimumVisualStudioVersion = 10.0.40219.1
Project("{FAE04EC0-301F-11D3-BF4B-00C04F79EFBC}") = "api", "api\api.csproj", "{AD8EEB40-9051-405A-980D-850FCA81526F}"
EndProject
Global
	GlobalSection(SolutionConfigurationPlatforms) = preSolution
		Debug|Any CPU = Debug|Any CPU
		Release|Any CPU = Release|Any CPU
	EndGlobalSection
	GlobalSection(ProjectConfigurationPlatforms) = postSolution
		{AD8EEB40-9051-405A-980D-850FCA81526F}.Debug|Any CPU.ActiveCfg = Debug|Any CPU
		{AD8EEB40-9051-405A-980D-850FCA81526F}.Debug|Any CPU.Build.0 = Debug|Any CPU
		{AD8EEB40-9051-405A-980D-850FCA81526F}.Release|Any CPU.ActiveCfg = Release|Any CPU
		{AD8EEB40-9051-405A-980D-850FCA81526F}.Release|Any CPU.Build.0 = Release|Any CPU
	EndGlobalSection
	GlobalSection(SolutionProperties) = preSolution
		HideSolutionNode = FALSE
	EndGlobalSection
	GlobalSection(ExtensibilityGlobals) = postSolution
		SolutionGuid = {34BB2787-7E14-4107-BE75-60BC96AB88C5}
	EndGlobalSection
EndGlobal
